
Microsoft Visual Studio Solution File, Format Version 12.00
# Visual Studio 15
VisualStudioVersion = 15.0.28307.421
MinimumVisualStudioVersion = 10.0.40219.1
Project("{FAE04EC0-301F-11D3-BF4B-00C04F79EFBC}") = "LatihanClass", "LatihanClass\LatihanClass.csproj", "{9BAE2572-C258-42FF-9087-9276C0A98898}"
EndProject
Global
	GlobalSection(SolutionConfigurationPlatforms) = preSolution
		Debug|Any CPU = Debug|Any CPU
		Release|Any CPU = Release|Any CPU
	EndGlobalSection
	GlobalSection(ProjectConfigurationPlatforms) = postSolution
		{9BAE2572-C258-42FF-9087-9276C0A98898}.Debug|Any CPU.ActiveCfg = Debug|Any CPU
		{9BAE2572-C258-42FF-9087-9276C0A98898}.Debug|Any CPU.Build.0 = Debug|Any CPU
		{9BAE2572-C258-42FF-9087-9276C0A98898}.Release|Any CPU.ActiveCfg = Release|Any CPU
		{9BAE2572-C258-42FF-9087-9276C0A98898}.Release|Any CPU.Build.0 = Release|Any CPU
	EndGlobalSection
	GlobalSection(SolutionProperties) = preSolution
		HideSolutionNode = FALSE
	EndGlobalSection
	GlobalSection(ExtensibilityGlobals) = postSolution
		SolutionGuid = {3631198F-14A5-44A4-8E0B-111D0144DA38}
	EndGlobalSection
EndGlobal
